{
  "name": "AuctionHouse",
  "lockfileVersion": 2,
  "requires": true,
  "packages": {
    "": {
      "dependencies": {
        "@vue-stripe/vue-stripe": "^4.2.9"
      }
    },
    "node_modules/@stripe/stripe-js": {
      "version": "1.22.0",
      "resolved": "https://registry.npmjs.org/@stripe/stripe-js/-/stripe-js-1.22.0.tgz",
      "integrity": "sha512-fm8TR8r4LwbXgBIYdPmeMjJJkxxFC66tvoliNnmXOpUgZSgQKoNPW3ON0ZphZIiif1oqWNhAaSrr7tOvGu+AFg=="
    },
    "node_modules/@vue-stripe/vue-stripe": {
      "version": "4.2.9",
      "resolved": "https://registry.npmjs.org/@vue-stripe/vue-stripe/-/vue-stripe-4.2.9.tgz",
      "integrity": "sha512-OInFE5dt5rbPwpbJEcOUBDEbynQ0k1kUiV4AG0jDqkMQhWYyAmwSA3j+UaA1p/FWM9LTN5XLeJNx4nUdO6PfTA==",
      "dependencies": {
        "@stripe/stripe-js": "^1.13.2",
        "vue-coerce-props": "^1.0.0"
      }
    },
    "node_modules/vue-coerce-props": {
      "version": "1.0.0",
      "resolved": "https://registry.npmjs.org/vue-coerce-props/-/vue-coerce-props-1.0.0.tgz",
      "integrity": "sha512-4fdRMXO6FHzmE7H4soAph6QmPg3sL/RiGdd+axuxuU07f02LNMns0jMM88fmt1bvSbN+2Wyd8raho6p6nXUzag=="
    }
  },
  "dependencies": {
    "@stripe/stripe-js": {
      "version": "1.22.0",
      "resolved": "https://registry.npmjs.org/@stripe/stripe-js/-/stripe-js-1.22.0.tgz",
      "integrity": "sha512-fm8TR8r4LwbXgBIYdPmeMjJJkxxFC66tvoliNnmXOpUgZSgQKoNPW3ON0ZphZIiif1oqWNhAaSrr7tOvGu+AFg=="
    },
    "@vue-stripe/vue-stripe": {
      "version": "4.2.9",
      "resolved": "https://registry.npmjs.org/@vue-stripe/vue-stripe/-/vue-stripe-4.2.9.tgz",
      "integrity": "sha512-OInFE5dt5rbPwpbJEcOUBDEbynQ0k1kUiV4AG0jDqkMQhWYyAmwSA3j+UaA1p/FWM9LTN5XLeJNx4nUdO6PfTA==",
      "requires": {
        "@stripe/stripe-js": "^1.13.2",
        "vue-coerce-props": "^1.0.0"
      }
    },
    "vue-coerce-props": {
      "version": "1.0.0",
      "resolved": "https://registry.npmjs.org/vue-coerce-props/-/vue-coerce-props-1.0.0.tgz",
      "integrity": "sha512-4fdRMXO6FHzmE7H4soAph6QmPg3sL/RiGdd+axuxuU07f02LNMns0jMM88fmt1bvSbN+2Wyd8raho6p6nXUzag=="
    }
  }
}
